// !$*UTF8*$!
{
	archiveVersion = 1;
	classes = {
	};
	objectVersion = 46;
	objects = {

/* Begin PBXBuildFile section */
		4427B9B31C82850D008326A1 /* AppDelegate.swift in Sources */ = {isa = PBXBuildFile; fileRef = 4427B9B21C82850D008326A1 /* AppDelegate.swift */; };
		4427B9B51C82850D008326A1 /* ViewController.swift in Sources */ = {isa = PBXBuildFile; fileRef = 4427B9B41C82850D008326A1 /* ViewController.swift */; };
		4427B9B81C82850D008326A1 /* Main.storyboard in Resources */ = {isa = PBXBuildFile; fileRef = 4427B9B61C82850D008326A1 /* Main.storyboard */; };
		4427B9BA1C82850D008326A1 /* Assets.xcassets in Resources */ = {isa = PBXBuildFile; fileRef = 4427B9B91C82850D008326A1 /* Assets.xcassets */; };
		4427B9BD1C82850D008326A1 /* LaunchScreen.storyboard in Resources */ = {isa = PBXBuildFile; fileRef = 4427B9BB1C82850D008326A1 /* LaunchScreen.storyboard */; };
		4427B9C81C82850D008326A1 /* HW4CodePathTumblrTests.swift in Sources */ = {isa = PBXBuildFile; fileRef = 4427B9C71C82850D008326A1 /* HW4CodePathTumblrTests.swift */; };
		4427B9D31C82850D008326A1 /* HW4CodePathTumblrUITests.swift in Sources */ = {isa = PBXBuildFile; fileRef = 4427B9D21C82850D008326A1 /* HW4CodePathTumblrUITests.swift */; };
		4427B9E11C828EEF008326A1 /* TabBarViewController.swift in Sources */ = {isa = PBXBuildFile; fileRef = 4427B9E01C828EEF008326A1 /* TabBarViewController.swift */; };
		4427B9E31C828F80008326A1 /* HomeViewController.swift in Sources */ = {isa = PBXBuildFile; fileRef = 4427B9E21C828F80008326A1 /* HomeViewController.swift */; };
		4427B9E51C8293B7008326A1 /* SearchViewController.swift in Sources */ = {isa = PBXBuildFile; fileRef = 4427B9E41C8293B7008326A1 /* SearchViewController.swift */; };
		4427B9E71C829411008326A1 /* ComposeViewController.swift in Sources */ = {isa = PBXBuildFile; fileRef = 4427B9E61C829411008326A1 /* ComposeViewController.swift */; };
		4427B9E91C82B99A008326A1 /* AccountViewController.swift in Sources */ = {isa = PBXBuildFile; fileRef = 4427B9E81C82B99A008326A1 /* AccountViewController.swift */; };
		4427B9EB1C82BA68008326A1 /* TrendingViewController.swift in Sources */ = {isa = PBXBuildFile; fileRef = 4427B9EA1C82BA68008326A1 /* TrendingViewController.swift */; };
		4427B9ED1C82CFAA008326A1 /* LoginViewController.swift in Sources */ = {isa = PBXBuildFile; fileRef = 4427B9EC1C82CFAA008326A1 /* LoginViewController.swift */; };
		4427B9F01C839163008326A1 /* BaseTransition.swift in Sources */ = {isa = PBXBuildFile; fileRef = 4427B9EE1C839163008326A1 /* BaseTransition.swift */; };
		4427B9F11C839163008326A1 /* FadeTransition.swift in Sources */ = {isa = PBXBuildFile; fileRef = 4427B9EF1C839163008326A1 /* FadeTransition.swift */; };
		4427B9F31C839985008326A1 /* Common.swift in Sources */ = {isa = PBXBuildFile; fileRef = 4427B9F21C839985008326A1 /* Common.swift */; };
/* End PBXBuildFile section */

/* Begin PBXContainerItemProxy section */
		4427B9C41C82850D008326A1 /* PBXContainerItemProxy */ = {
			isa = PBXContainerItemProxy;
			containerPortal = 4427B9A71C82850D008326A1 /* Project object */;
			proxyType = 1;
			remoteGlobalIDString = 4427B9AE1C82850D008326A1;
			remoteInfo = HW4CodePathTumblr;
		};
		4427B9CF1C82850D008326A1 /* PBXContainerItemProxy */ = {
			isa = PBXContainerItemProxy;
			containerPortal = 4427B9A71C82850D008326A1 /* Project object */;
			proxyType = 1;
			remoteGlobalIDString = 4427B9AE1C82850D008326A1;
			remoteInfo = HW4CodePathTumblr;
		};
/* End PBXContainerItemProxy section */

/* Begin PBXFileReference section */
		4427B9AF1C82850D008326A1 /* HW4CodePathTumblr.app */ = {isa = PBXFileReference; explicitFileType = wrapper.application; includeInIndex = 0; path = HW4CodePathTumblr.app; sourceTree = BUILT_PRODUCTS_DIR; };
		4427B9B21C82850D008326A1 /* AppDelegate.swift */ = {isa = PBXFileReference; lastKnownFileType = sourcecode.swift; path = AppDelegate.swift; sourceTree = "<group>"; };
		4427B9B41C82850D008326A1 /* ViewController.swift */ = {isa = PBXFileReference; lastKnownFileType = sourcecode.swift; path = ViewController.swift; sourceTree = "<group>"; };
		4427B9B71C82850D008326A1 /* Base */ = {isa = PBXFileReference; lastKnownFileType = file.storyboard; name = Base; path = Base.lproj/Main.storyboard; sourceTree = "<group>"; };
		4427B9B91C82850D008326A1 /* Assets.xcassets */ = {isa = PBXFileReference; lastKnownFileType = folder.assetcatalog; path = Assets.xcassets; sourceTree = "<group>"; };
		4427B9BC1C82850D008326A1 /* Base */ = {isa = PBXFileReference; lastKnownFileType = file.storyboard; name = Base; path = Base.lproj/LaunchScreen.storyboard; sourceTree = "<group>"; };
		4427B9BE1C82850D008326A1 /* Info.plist */ = {isa = PBXFileReference; lastKnownFileType = text.plist.xml; path = Info.plist; sourceTree = "<group>"; };
		4427B9C31C82850D008326A1 /* HW4CodePathTumblrTests.xctest */ = {isa = PBXFileReference; explicitFileType = wrapper.cfbundle; includeInIndex = 0; path = HW4CodePathTumblrTests.xctest; sourceTree = BUILT_PRODUCTS_DIR; };
		4427B9C71C82850D008326A1 /* HW4CodePathTumblrTests.swift */ = {isa = PBXFileReference; lastKnownFileType = sourcecode.swift; path = HW4CodePathTumblrTests.swift; sourceTree = "<group>"; };
		4427B9C91C82850D008326A1 /* Info.plist */ = {isa = PBXFileReference; lastKnownFileType = text.plist.xml; path = Info.plist; sourceTree = "<group>"; };
		4427B9CE1C82850D008326A1 /* HW4CodePathTumblrUITests.xctest */ = {isa = PBXFileReference; explicitFileType = wrapper.cfbundle; includeInIndex = 0; path = HW4CodePathTumblrUITests.xctest; sourceTree = BUILT_PRODUCTS_DIR; };
		4427B9D21C82850D008326A1 /* HW4CodePathTumblrUITests.swift */ = {isa = PBXFileReference; lastKnownFileType = sourcecode.swift; path = HW4CodePathTumblrUITests.swift; sourceTree = "<group>"; };
		4427B9D41C82850D008326A1 /* Info.plist */ = {isa = PBXFileReference; lastKnownFileType = text.plist.xml; path = Info.plist; sourceTree = "<group>"; };
		4427B9E01C828EEF008326A1 /* TabBarViewController.swift */ = {isa = PBXFileReference; fileEncoding = 4; lastKnownFileType = sourcecode.swift; path = TabBarViewController.swift; sourceTree = "<group>"; };
		4427B9E21C828F80008326A1 /* HomeViewController.swift */ = {isa = PBXFileReference; fileEncoding = 4; lastKnownFileType = sourcecode.swift; path = HomeViewController.swift; sourceTree = "<group>"; };
		4427B9E41C8293B7008326A1 /* SearchViewController.swift */ = {isa = PBXFileReference; fileEncoding = 4; lastKnownFileType = sourcecode.swift; path = SearchViewController.swift; sourceTree = "<group>"; };
		4427B9E61C829411008326A1 /* ComposeViewController.swift */ = {isa = PBXFileReference; fileEncoding = 4; lastKnownFileType = sourcecode.swift; path = ComposeViewController.swift; sourceTree = "<group>"; };
		4427B9E81C82B99A008326A1 /* AccountViewController.swift */ = {isa = PBXFileReference; fileEncoding = 4; lastKnownFileType = sourcecode.swift; path = AccountViewController.swift; sourceTree = "<group>"; };
		4427B9EA1C82BA68008326A1 /* TrendingViewController.swift */ = {isa = PBXFileReference; fileEncoding = 4; lastKnownFileType = sourcecode.swift; path = TrendingViewController.swift; sourceTree = "<group>"; };
		4427B9EC1C82CFAA008326A1 /* LoginViewController.swift */ = {isa = PBXFileReference; fileEncoding = 4; lastKnownFileType = sourcecode.swift; path = LoginViewController.swift; sourceTree = "<group>"; };
		4427B9EE1C839163008326A1 /* BaseTransition.swift */ = {isa = PBXFileReference; fileEncoding = 4; lastKnownFileType = sourcecode.swift; path = BaseTransition.swift; sourceTree = "<group>"; };
		4427B9EF1C839163008326A1 /* FadeTransition.swift */ = {isa = PBXFileReference; fileEncoding = 4; lastKnownFileType = sourcecode.swift; path = FadeTransition.swift; sourceTree = "<group>"; };
		4427B9F21C839985008326A1 /* Common.swift */ = {isa = PBXFileReference; fileEncoding = 4; lastKnownFileType = sourcecode.swift; path = Common.swift; sourceTree = "<group>"; };
/* End PBXFileReference section */

/* Begin PBXFrameworksBuildPhase section */
		4427B9AC1C82850D008326A1 /* Frameworks */ = {
			isa = PBXFrameworksBuildPhase;
			buildActionMask = 2147483647;
			files = (
			);
			runOnlyForDeploymentPostprocessing = 0;
		};
		4427B9C01C82850D008326A1 /* Frameworks */ = {
			isa = PBXFrameworksBuildPhase;
			buildActionMask = 2147483647;
			files = (
			);
			runOnlyForDeploymentPostprocessing = 0;
		};
		4427B9CB1C82850D008326A1 /* Frameworks */ = {
			isa = PBXFrameworksBuildPhase;
			buildActionMask = 2147483647;
			files = (
			);
			runOnlyForDeploymentPostprocessing = 0;
		};
/* End PBXFrameworksBuildPhase section */

/* Begin PBXGroup section */
		4427B9A61C82850D008326A1 = {
			isa = PBXGroup;
			children = (
				4427B9B11C82850D008326A1 /* HW4CodePathTumblr */,
				4427B9C61C82850D008326A1 /* HW4CodePathTumblrTests */,
				4427B9D11C82850D008326A1 /* HW4CodePathTumblrUITests */,
				4427B9B01C82850D008326A1 /* Products */,
			);
			sourceTree = "<group>";
		};
		4427B9B01C82850D008326A1 /* Products */ = {
			isa = PBXGroup;
			children = (
				4427B9AF1C82850D008326A1 /* HW4CodePathTumblr.app */,
				4427B9C31C82850D008326A1 /* HW4CodePathTumblrTests.xctest */,
				4427B9CE1C82850D008326A1 /* HW4CodePathTumblrUITests.xctest */,
			);
			name = Products;
			sourceTree = "<group>";
		};
		4427B9B11C82850D008326A1 /* HW4CodePathTumblr */ = {
			isa = PBXGroup;
			children = (
				4427B9B21C82850D008326A1 /* AppDelegate.swift */,
				4427B9B41C82850D008326A1 /* ViewController.swift */,
				4427B9B61C82850D008326A1 /* Main.storyboard */,
				4427B9EC1C82CFAA008326A1 /* LoginViewController.swift */,
				4427B9EA1C82BA68008326A1 /* TrendingViewController.swift */,
				4427B9E81C82B99A008326A1 /* AccountViewController.swift */,
				4427B9E61C829411008326A1 /* ComposeViewController.swift */,
				4427B9E41C8293B7008326A1 /* SearchViewController.swift */,
				4427B9E21C828F80008326A1 /* HomeViewController.swift */,
				4427B9E01C828EEF008326A1 /* TabBarViewController.swift */,
				4427B9EE1C839163008326A1 /* BaseTransition.swift */,
				4427B9EF1C839163008326A1 /* FadeTransition.swift */,
				4427B9F21C839985008326A1 /* Common.swift */,
				4427B9B91C82850D008326A1 /* Assets.xcassets */,
				4427B9BB1C82850D008326A1 /* LaunchScreen.storyboard */,
				4427B9BE1C82850D008326A1 /* Info.plist */,
			);
			path = HW4CodePathTumblr;
			sourceTree = "<group>";
		};
		4427B9C61C82850D008326A1 /* HW4CodePathTumblrTests */ = {
			isa = PBXGroup;
			children = (
				4427B9C71C82850D008326A1 /* HW4CodePathTumblrTests.swift */,
				4427B9C91C82850D008326A1 /* Info.plist */,
			);
			path = HW4CodePathTumblrTests;
			sourceTree = "<group>";
		};
		4427B9D11C82850D008326A1 /* HW4CodePathTumblrUITests */ = {
			isa = PBXGroup;
			children = (
				4427B9D21C82850D008326A1 /* HW4CodePathTumblrUITests.swift */,
				4427B9D41C82850D008326A1 /* Info.plist */,
			);
			path = HW4CodePathTumblrUITests;
			sourceTree = "<group>";
		};
/* End PBXGroup section */

/* Begin PBXNativeTarget section */
		4427B9AE1C82850D008326A1 /* HW4CodePathTumblr */ = {
			isa = PBXNativeTarget;
			buildConfigurationList = 4427B9D71C82850D008326A1 /* Build configuration list for PBXNativeTarget "HW4CodePathTumblr" */;
			buildPhases = (
				4427B9AB1C82850D008326A1 /* Sources */,
				4427B9AC1C82850D008326A1 /* Frameworks */,
				4427B9AD1C82850D008326A1 /* Resources */,
			);
			buildRules = (
			);
			dependencies = (
			);
			name = HW4CodePathTumblr;
			productName = HW4CodePathTumblr;
			productReference = 4427B9AF1C82850D008326A1 /* HW4CodePathTumblr.app */;
			productType = "com.apple.product-type.application";
		};
		4427B9C21C82850D008326A1 /* HW4CodePathTumblrTests */ = {
			isa = PBXNativeTarget;
			buildConfigurationList = 4427B9DA1C82850D008326A1 /* Build configuration list for PBXNativeTarget "HW4CodePathTumblrTests" */;
			buildPhases = (
				4427B9BF1C82850D008326A1 /* Sources */,
				4427B9C01C82850D008326A1 /* Frameworks */,
				4427B9C11C82850D008326A1 /* Resources */,
			);
			buildRules = (
			);
			dependencies = (
				4427B9C51C82850D008326A1 /* PBXTargetDependency */,
			);
			name = HW4CodePathTumblrTests;
			productName = HW4CodePathTumblrTests;
			productReference = 4427B9C31C82850D008326A1 /* HW4CodePathTumblrTests.xctest */;
			productType = "com.apple.product-type.bundle.unit-test";
		};
		4427B9CD1C82850D008326A1 /* HW4CodePathTumblrUITests */ = {
			isa = PBXNativeTarget;
			buildConfigurationList = 4427B9DD1C82850D008326A1 /* Build configuration list for PBXNativeTarget "HW4CodePathTumblrUITests" */;
			buildPhases = (
				4427B9CA1C82850D008326A1 /* Sources */,
				4427B9CB1C82850D008326A1 /* Frameworks */,
				4427B9CC1C82850D008326A1 /* Resources */,
			);
			buildRules = (
			);
			dependencies = (
				4427B9D01C82850D008326A1 /* PBXTargetDependency */,
			);
			name = HW4CodePathTumblrUITests;
			productName = HW4CodePathTumblrUITests;
			productReference = 4427B9CE1C82850D008326A1 /* HW4CodePathTumblrUITests.xctest */;
			productType = "com.apple.product-type.bundle.ui-testing";
		};
/* End PBXNativeTarget section */

/* Begin PBXProject section */
		4427B9A71C82850D008326A1 /* Project object */ = {
			isa = PBXProject;
			attributes = {
				LastSwiftUpdateCheck = 0720;
				LastUpgradeCheck = 0720;
				ORGANIZATIONNAME = Cheeeese;
				TargetAttributes = {
					4427B9AE1C82850D008326A1 = {
						CreatedOnToolsVersion = 7.2;
					};
					4427B9C21C82850D008326A1 = {
						CreatedOnToolsVersion = 7.2;
						TestTargetID = 4427B9AE1C82850D008326A1;
					};
					4427B9CD1C82850D008326A1 = {
						CreatedOnToolsVersion = 7.2;
						TestTargetID = 4427B9AE1C82850D008326A1;
					};
				};
			};
			buildConfigurationList = 4427B9AA1C82850D008326A1 /* Build configuration list for PBXProject "HW4CodePathTumblr" */;
			compatibilityVersion = "Xcode 3.2";
			developmentRegion = English;
			hasScannedForEncodings = 0;
			knownRegions = (
				en,
				Base,
			);
			mainGroup = 4427B9A61C82850D008326A1;
			productRefGroup = 4427B9B01C82850D008326A1 /* Products */;
			projectDirPath = "";
			projectRoot = "";
			targets = (
				4427B9AE1C82850D008326A1 /* HW4CodePathTumblr */,
				4427B9C21C82850D008326A1 /* HW4CodePathTumblrTests */,
				4427B9CD1C82850D008326A1 /* HW4CodePathTumblrUITests */,
			);
		};
/* End PBXProject section */

/* Begin PBXResourcesBuildPhase section */
		4427B9AD1C82850D008326A1 /* Resources */ = {
			isa = PBXResourcesBuildPhase;
			buildActionMask = 2147483647;
			files = (
				4427B9BD1C82850D008326A1 /* LaunchScreen.storyboard in Resources */,
				4427B9BA1C82850D008326A1 /* Assets.xcassets in Resources */,
				4427B9B81C82850D008326A1 /* Main.storyboard in Resources */,
			);
			runOnlyForDeploymentPostprocessing = 0;
		};
		4427B9C11C82850D008326A1 /* Resources */ = {
			isa = PBXResourcesBuildPhase;
			buildActionMask = 2147483647;
			files = (
			);
			runOnlyForDeploymentPostprocessing = 0;
		};
		4427B9CC1C82850D008326A1 /* Resources */ = {
			isa = PBXResourcesBuildPhase;
			buildActionMask = 2147483647;
			files = (
			);
			runOnlyForDeploymentPostprocessing = 0;
		};
/* End PBXResourcesBuildPhase section */

/* Begin PBXSourcesBuildPhase section */
		4427B9AB1C82850D008326A1 /* Sources */ = {
			isa = PBXSourcesBuildPhase;
			buildActionMask = 2147483647;
			files = (
				4427B9ED1C82CFAA008326A1 /* LoginViewController.swift in Sources */,
				4427B9F01C839163008326A1 /* BaseTransition.swift in Sources */,
				4427B9E51C8293B7008326A1 /* SearchViewController.swift in Sources */,
				4427B9EB1C82BA68008326A1 /* TrendingViewController.swift in Sources */,
				4427B9F31C839985008326A1 /* Common.swift in Sources */,
				4427B9B51C82850D008326A1 /* ViewController.swift in Sources */,
				4427B9E91C82B99A008326A1 /* AccountViewController.swift in Sources */,
				4427B9F11C839163008326A1 /* FadeTransition.swift in Sources */,
				4427B9E11C828EEF008326A1 /* TabBarViewController.swift in Sources */,
				4427B9E71C829411008326A1 /* ComposeViewController.swift in Sources */,
				4427B9B31C82850D008326A1 /* AppDelegate.swift in Sources */,
				4427B9E31C828F80008326A1 /* HomeViewController.swift in Sources */,
			);
			runOnlyForDeploymentPostprocessing = 0;
		};
		4427B9BF1C82850D008326A1 /* Sources */ = {
			isa = PBXSourcesBuildPhase;
			buildActionMask = 2147483647;
			files = (
				4427B9C81C82850D008326A1 /* HW4CodePathTumblrTests.swift in Sources */,
			);
			runOnlyForDeploymentPostprocessing = 0;
		};
		4427B9CA1C82850D008326A1 /* Sources */ = {
			isa = PBXSourcesBuildPhase;
			buildActionMask = 2147483647;
			files = (
				4427B9D31C82850D008326A1 /* HW4CodePathTumblrUITests.swift in Sources */,
			);
			runOnlyForDeploymentPostprocessing = 0;
		};
/* End PBXSourcesBuildPhase section */

/* Begin PBXTargetDependency section */
		4427B9C51C82850D008326A1 /* PBXTargetDependency */ = {
			isa = PBXTargetDependency;
			target = 4427B9AE1C82850D008326A1 /* HW4CodePathTumblr */;
			targetProxy = 4427B9C41C82850D008326A1 /* PBXContainerItemProxy */;
		};
		4427B9D01C82850D008326A1 /* PBXTargetDependency */ = {
			isa = PBXTargetDependency;
			target = 4427B9AE1C82850D008326A1 /* HW4CodePathTumblr */;
			targetProxy = 4427B9CF1C82850D008326A1 /* PBXContainerItemProxy */;
		};
/* End PBXTargetDependency section */

/* Begin PBXVariantGroup section */
		4427B9B61C82850D008326A1 /* Main.storyboard */ = {
			isa = PBXVariantGroup;
			children = (
				4427B9B71C82850D008326A1 /* Base */,
			);
			name = Main.storyboard;
			sourceTree = "<group>";
		};
		4427B9BB1C82850D008326A1 /* LaunchScreen.storyboard */ = {
			isa = PBXVariantGroup;
			children = (
				4427B9BC1C82850D008326A1 /* Base */,
			);
			name = LaunchScreen.storyboard;
			sourceTree = "<group>";
		};
/* End PBXVariantGroup section */

/* Begin XCBuildConfiguration section */
		4427B9D51C82850D008326A1 /* Debug */ = {
			isa = XCBuildConfiguration;
			buildSettings = {
				ALWAYS_SEARCH_USER_PATHS = NO;
				CLANG_CXX_LANGUAGE_STANDARD = "gnu++0x";
				CLANG_CXX_LIBRARY = "libc++";
				CLANG_ENABLE_MODULES = YES;
				CLANG_ENABLE_OBJC_ARC = YES;
				CLANG_WARN_BOOL_CONVERSION = YES;
				CLANG_WARN_CONSTANT_CONVERSION = YES;
				CLANG_WARN_DIRECT_OBJC_ISA_USAGE = YES_ERROR;
				CLANG_WARN_EMPTY_BODY = YES;
				CLANG_WARN_ENUM_CONVERSION = YES;
				CLANG_WARN_INT_CONVERSION = YES;
				CLANG_WARN_OBJC_ROOT_CLASS = YES_ERROR;
				CLANG_WARN_UNREACHABLE_CODE = YES;
				CLANG_WARN__DUPLICATE_METHOD_MATCH = YES;
				"CODE_SIGN_IDENTITY[sdk=iphoneos*]" = "iPhone Developer";
				COPY_PHASE_STRIP = NO;
				DEBUG_INFORMATION_FORMAT = dwarf;
				ENABLE_STRICT_OBJC_MSGSEND = YES;
				ENABLE_TESTABILITY = YES;
				GCC_C_LANGUAGE_STANDARD = gnu99;
				GCC_DYNAMIC_NO_PIC = NO;
				GCC_NO_COMMON_BLOCKS = YES;
				GCC_OPTIMIZATION_LEVEL = 0;
				GCC_PREPROCESSOR_DEFINITIONS = (
					"DEBUG=1",
					"$(inherited)",
				);
				GCC_WARN_64_TO_32_BIT_CONVERSION = YES;
				GCC_WARN_ABOUT_RETURN_TYPE = YES_ERROR;
				GCC_WARN_UNDECLARED_SELECTOR = YES;
				GCC_WARN_UNINITIALIZED_AUTOS = YES_AGGRESSIVE;
				GCC_WARN_UNUSED_FUNCTION = YES;
				GCC_WARN_UNUSED_VARIABLE = YES;
				IPHONEOS_DEPLOYMENT_TARGET = 9.2;
				MTL_ENABLE_DEBUG_INFO = YES;
				ONLY_ACTIVE_ARCH = YES;
				SDKROOT = iphoneos;
				SWIFT_OPTIMIZATION_LEVEL = "-Onone";
			};
			name = Debug;
		};
		4427B9D61C82850D008326A1 /* Release */ = {
			isa = XCBuildConfiguration;
			buildSettings = {
				ALWAYS_SEARCH_USER_PATHS = NO;
				CLANG_CXX_LANGUAGE_STANDARD = "gnu++0x";
				CLANG_CXX_LIBRARY = "libc++";
				CLANG_ENABLE_MODULES = YES;
				CLANG_ENABLE_OBJC_ARC = YES;
				CLANG_WARN_BOOL_CONVERSION = YES;
				CLANG_WARN_CONSTANT_CONVERSION = YES;
				CLANG_WARN_DIRECT_OBJC_ISA_USAGE = YES_ERROR;
				CLANG_WARN_EMPTY_BODY = YES;
				CLANG_WARN_ENUM_CONVERSION = YES;
				CLANG_WARN_INT_CONVERSION = YES;
				CLANG_WARN_OBJC_ROOT_CLASS = YES_ERROR;
				CLANG_WARN_UNREACHABLE_CODE = YES;
				CLANG_WARN__DUPLICATE_METHOD_MATCH = YES;
				"CODE_SIGN_IDENTITY[sdk=iphoneos*]" = "iPhone Developer";
				COPY_PHASE_STRIP = NO;
				DEBUG_INFORMATION_FORMAT = "dwarf-with-dsym";
				ENABLE_NS_ASSERTIONS = NO;
				ENABLE_STRICT_OBJC_MSGSEND = YES;
				GCC_C_LANGUAGE_STANDARD = gnu99;
				GCC_NO_COMMON_BLOCKS = YES;
				GCC_WARN_64_TO_32_BIT_CONVERSION = YES;
				GCC_WARN_ABOUT_RETURN_TYPE = YES_ERROR;
				GCC_WARN_UNDECLARED_SELECTOR = YES;
				GCC_WARN_UNINITIALIZED_AUTOS = YES_AGGRESSIVE;
				GCC_WARN_UNUSED_FUNCTION = YES;
				GCC_WARN_UNUSED_VARIABLE = YES;
				IPHONEOS_DEPLOYMENT_TARGET = 9.2;
				MTL_ENABLE_DEBUG_INFO = NO;
				SDKROOT = iphoneos;
				VALIDATE_PRODUCT = YES;
			};
			name = Release;
		};
		4427B9D81C82850D008326A1 /* Debug */ = {
			isa = XCBuildConfiguration;
			buildSettings = {
				ASSETCATALOG_COMPILER_APPICON_NAME = AppIcon;
				INFOPLIST_FILE = HW4CodePathTumblr/Info.plist;
				LD_RUNPATH_SEARCH_PATHS = "$(inherited) @executable_path/Frameworks";
				PRODUCT_BUNDLE_IDENTIFIER = Cheeeese.HW4CodePathTumblr;
				PRODUCT_NAME = "$(TARGET_NAME)";
			};
			name = Debug;
		};
		4427B9D91C82850D008326A1 /* Release */ = {
			isa = XCBuildConfiguration;
			buildSettings = {
				ASSETCATALOG_COMPILER_APPICON_NAME = AppIcon;
				INFOPLIST_FILE = HW4CodePathTumblr/Info.plist;
				LD_RUNPATH_SEARCH_PATHS = "$(inherited) @executable_path/Frameworks";
				PRODUCT_BUNDLE_IDENTIFIER = Cheeeese.HW4CodePathTumblr;
				PRODUCT_NAME = "$(TARGET_NAME)";
			};
			name = Release;
		};
		4427B9DB1C82850D008326A1 /* Debug */ = {
			isa = XCBuildConfiguration;
			buildSettings = {
				BUNDLE_LOADER = "$(TEST_HOST)";
				INFOPLIST_FILE = HW4CodePathTumblrTests/Info.plist;
				LD_RUNPATH_SEARCH_PATHS = "$(inherited) @executable_path/Frameworks @loader_path/Frameworks";
				PRODUCT_BUNDLE_IDENTIFIER = Cheeeese.HW4CodePathTumblrTests;
				PRODUCT_NAME = "$(TARGET_NAME)";
				TEST_HOST = "$(BUILT_PRODUCTS_DIR)/HW4CodePathTumblr.app/HW4CodePathTumblr";
			};
			name = Debug;
		};
		4427B9DC1C82850D008326A1 /* Release */ = {
			isa = XCBuildConfiguration;
			buildSettings = {
				BUNDLE_LOADER = "$(TEST_HOST)";
				INFOPLIST_FILE = HW4CodePathTumblrTests/Info.plist;
				LD_RUNPATH_SEARCH_PATHS = "$(inherited) @executable_path/Frameworks @loader_path/Frameworks";
				PRODUCT_BUNDLE_IDENTIFIER = Cheeeese.HW4CodePathTumblrTests;
				PRODUCT_NAME = "$(TARGET_NAME)";
				TEST_HOST = "$(BUILT_PRODUCTS_DIR)/HW4CodePathTumblr.app/HW4CodePathTumblr";
			};
			name = Release;
		};
		4427B9DE1C82850D008326A1 /* Debug */ = {
			isa = XCBuildConfiguration;
			buildSettings = {
				INFOPLIST_FILE = HW4CodePathTumblrUITests/Info.plist;
				LD_RUNPATH_SEARCH_PATHS = "$(inherited) @executable_path/Frameworks @loader_path/Frameworks";
				PRODUCT_BUNDLE_IDENTIFIER = Cheeeese.HW4CodePathTumblrUITests;
				PRODUCT_NAME = "$(TARGET_NAME)";
				TEST_TARGET_NAME = HW4CodePathTumblr;
				USES_XCTRUNNER = YES;
			};
			name = Debug;
		};
		4427B9DF1C82850D008326A1 /* Release */ = {
			isa = XCBuildConfiguration;
			buildSettings = {
				INFOPLIST_FILE = HW4CodePathTumblrUITests/Info.plist;
				LD_RUNPATH_SEARCH_PATHS = "$(inherited) @executable_path/Frameworks @loader_path/Frameworks";
				PRODUCT_BUNDLE_IDENTIFIER = Cheeeese.HW4CodePathTumblrUITests;
				PRODUCT_NAME = "$(TARGET_NAME)";
				TEST_TARGET_NAME = HW4CodePathTumblr;
				USES_XCTRUNNER = YES;
			};
			name = Release;
		};
/* End XCBuildConfiguration section */

/* Begin XCConfigurationList section */
		4427B9AA1C82850D008326A1 /* Build configuration list for PBXProject "HW4CodePathTumblr" */ = {
			isa = XCConfigurationList;
			buildConfigurations = (
				4427B9D51C82850D008326A1 /* Debug */,
				4427B9D61C82850D008326A1 /* Release */,
			);
			defaultConfigurationIsVisible = 0;
			defaultConfigurationName = Release;
		};
		4427B9D71C82850D008326A1 /* Build configuration list for PBXNativeTarget "HW4CodePathTumblr" */ = {
			isa = XCConfigurationList;
			buildConfigurations = (
				4427B9D81C82850D008326A1 /* Debug */,
				4427B9D91C82850D008326A1 /* Release */,
			);
			defaultConfigurationIsVisible = 0;
			defaultConfigurationName = Release;
		};
		4427B9DA1C82850D008326A1 /* Build configuration list for PBXNativeTarget "HW4CodePathTumblrTests" */ = {
			isa = XCConfigurationList;
			buildConfigurations = (
				4427B9DB1C82850D008326A1 /* Debug */,
				4427B9DC1C82850D008326A1 /* Release */,
			);
			defaultConfigurationIsVisible = 0;
			defaultConfigurationName = Release;
		};
		4427B9DD1C82850D008326A1 /* Build configuration list for PBXNativeTarget "HW4CodePathTumblrUITests" */ = {
			isa = XCConfigurationList;
			buildConfigurations = (
				4427B9DE1C82850D008326A1 /* Debug */,
				4427B9DF1C82850D008326A1 /* Release */,
			);
			defaultConfigurationIsVisible = 0;
			defaultConfigurationName = Release;
		};
/* End XCConfigurationList section */
	};
	rootObject = 4427B9A71C82850D008326A1 /* Project object */;
}
